
Microsoft Visual Studio Solution File, Format Version 12.00
# Visual Studio Version 17
VisualStudioVersion = 17.4.33122.133
MinimumVisualStudioVersion = 10.0.40219.1
Project("{FAE04EC0-301F-11D3-BF4B-00C04F79EFBC}") = "OopsConcept", "OopsConcept\OopsConcept.csproj", "{A912DF0B-D031-4EE5-B192-D70A6652BABE}"
EndProject
Global
	GlobalSection(SolutionConfigurationPlatforms) = preSolution
		Debug|Any CPU = Debug|Any CPU
		Release|Any CPU = Release|Any CPU
	EndGlobalSection
	GlobalSection(ProjectConfigurationPlatforms) = postSolution
		{A912DF0B-D031-4EE5-B192-D70A6652BABE}.Debug|Any CPU.ActiveCfg = Debug|Any CPU
		{A912DF0B-D031-4EE5-B192-D70A6652BABE}.Debug|Any CPU.Build.0 = Debug|Any CPU
		{A912DF0B-D031-4EE5-B192-D70A6652BABE}.Release|Any CPU.ActiveCfg = Release|Any CPU
		{A912DF0B-D031-4EE5-B192-D70A6652BABE}.Release|Any CPU.Build.0 = Release|Any CPU
	EndGlobalSection
	GlobalSection(SolutionProperties) = preSolution
		HideSolutionNode = FALSE
	EndGlobalSection
	GlobalSection(ExtensibilityGlobals) = postSolution
		SolutionGuid = {F17827F1-3451-44AD-962A-60A43C3603B2}
	EndGlobalSection
EndGlobal
